{
  "name": "search-params-remover",
  "version": "0.1.0",
  "lockfileVersion": 1,
  "requires": true,
  "dependencies": {
    "url-match-pattern": {
      "version": "1.0.0",
      "resolved": "https://registry.npmjs.org/url-match-pattern/-/url-match-pattern-1.0.0.tgz",
      "integrity": "sha512-FU2YpcElrcp1QF61OjnbkBAC/nwPnMPrGBf86C/azfPX972kqefcxTZO/y642tpa+pa/fYq6VE6TEqH5Spd81w=="
    }
  }
}
