{
  "name": "search-params-remover",
  "version": "0.1.0",
  "lockfileVersion": 1,
  "requires": true,
  "dependencies": {
    "url-match-pattern": {
      "version": "1.0.1",
      "resolved": "https://registry.npmjs.org/url-match-pattern/-/url-match-pattern-1.0.1.tgz",
      "integrity": "sha512-I9clAdOLE5GuxTjGSTKMzQqq4Fojw9gnjhD3Fyv/qYacp11SP7lg/Twhg2x3zkHfcFz3HHrJNtP3hx9kpOoYeg=="
    }
  }
}
